
Microsoft Visual Studio Solution File, Format Version 12.00
# Visual Studio Version 16
VisualStudioVersion = 16.0.30225.117
MinimumVisualStudioVersion = 10.0.40219.1
Project("{9A19103F-16F7-4668-BE54-9A1E7A4F7556}") = "UserManagement", "UserManagement\UserManagement.csproj", "{A6C028A6-4158-4D7A-B914-8DCCA0BB0080}"
EndProject
Global
	GlobalSection(SolutionConfigurationPlatforms) = preSolution
		Debug|Any CPU = Debug|Any CPU
		Release|Any CPU = Release|Any CPU
	EndGlobalSection
	GlobalSection(ProjectConfigurationPlatforms) = postSolution
		{A6C028A6-4158-4D7A-B914-8DCCA0BB0080}.Debug|Any CPU.ActiveCfg = Debug|Any CPU
		{A6C028A6-4158-4D7A-B914-8DCCA0BB0080}.Debug|Any CPU.Build.0 = Debug|Any CPU
		{A6C028A6-4158-4D7A-B914-8DCCA0BB0080}.Release|Any CPU.ActiveCfg = Release|Any CPU
		{A6C028A6-4158-4D7A-B914-8DCCA0BB0080}.Release|Any CPU.Build.0 = Release|Any CPU
	EndGlobalSection
	GlobalSection(SolutionProperties) = preSolution
		HideSolutionNode = FALSE
	EndGlobalSection
	GlobalSection(ExtensibilityGlobals) = postSolution
		SolutionGuid = {3D8830D5-0607-4636-9414-54CD837221CC}
	EndGlobalSection
EndGlobal
